
Microsoft Visual Studio Solution File, Format Version 12.00
# Visual Studio 15
VisualStudioVersion = 15.0.27004.2006
MinimumVisualStudioVersion = 10.0.40219.1
Project("{FAE04EC0-301F-11D3-BF4B-00C04F79EFBC}") = "It2DeliveryBot", "It2DeliveryBot\It2DeliveryBot.csproj", "{83D63961-79ED-4A63-9F75-104ADD630E78}"
EndProject
Global
	GlobalSection(SolutionConfigurationPlatforms) = preSolution
		Debug|Any CPU = Debug|Any CPU
		Release|Any CPU = Release|Any CPU
	EndGlobalSection
	GlobalSection(ProjectConfigurationPlatforms) = postSolution
		{83D63961-79ED-4A63-9F75-104ADD630E78}.Debug|Any CPU.ActiveCfg = Debug|Any CPU
		{83D63961-79ED-4A63-9F75-104ADD630E78}.Debug|Any CPU.Build.0 = Debug|Any CPU
		{83D63961-79ED-4A63-9F75-104ADD630E78}.Release|Any CPU.ActiveCfg = Release|Any CPU
		{83D63961-79ED-4A63-9F75-104ADD630E78}.Release|Any CPU.Build.0 = Release|Any CPU
	EndGlobalSection
	GlobalSection(SolutionProperties) = preSolution
		HideSolutionNode = FALSE
	EndGlobalSection
	GlobalSection(ExtensibilityGlobals) = postSolution
		SolutionGuid = {6E740255-14F1-49CA-8F03-8EC55A05925F}
	EndGlobalSection
EndGlobal
